
Microsoft Visual Studio Solution File, Format Version 12.00
# Visual Studio Version 17
VisualStudioVersion = 17.7.34031.279
MinimumVisualStudioVersion = 10.0.40219.1
Project("{9A19103F-16F7-4668-BE54-9A1E7A4F7556}") = "BenchmarkRunner", "BenchmarkRunner\BenchmarkRunner.csproj", "{F36ECB61-2B17-4C1F-9C27-813A05695DDE}"
EndProject
Global
	GlobalSection(SolutionConfigurationPlatforms) = preSolution
		Debug|Any CPU = Debug|Any CPU
		Release|Any CPU = Release|Any CPU
	EndGlobalSection
	GlobalSection(ProjectConfigurationPlatforms) = postSolution
		{F36ECB61-2B17-4C1F-9C27-813A05695DDE}.Debug|Any CPU.ActiveCfg = Debug|Any CPU
		{F36ECB61-2B17-4C1F-9C27-813A05695DDE}.Debug|Any CPU.Build.0 = Debug|Any CPU
		{F36ECB61-2B17-4C1F-9C27-813A05695DDE}.Release|Any CPU.ActiveCfg = Release|Any CPU
		{F36ECB61-2B17-4C1F-9C27-813A05695DDE}.Release|Any CPU.Build.0 = Release|Any CPU
	EndGlobalSection
	GlobalSection(SolutionProperties) = preSolution
		HideSolutionNode = FALSE
	EndGlobalSection
	GlobalSection(ExtensibilityGlobals) = postSolution
		SolutionGuid = {12969284-D67B-44B6-AD87-AD0524F9C31C}
	EndGlobalSection
EndGlobal
